
Microsoft Visual Studio Solution File, Format Version 12.00
# Visual Studio Version 16
VisualStudioVersion = 16.0.31229.75
MinimumVisualStudioVersion = 10.0.40219.1
Project("{FAE04EC0-301F-11D3-BF4B-00C04F79EFBC}") = "for", "fortran\for.csproj", "{A36CF6D7-74E9-4316-A927-A7C38E337D0E}"
EndProject
Project("{FAE04EC0-301F-11D3-BF4B-00C04F79EFBC}") = "tests", "tests\tests.csproj", "{E5714391-D79D-4662-8968-37C4E32DC687}"
EndProject
Project("{FAE04EC0-301F-11D3-BF4B-00C04F79EFBC}") = "com", "com\com.csproj", "{08429F49-D7FB-4482-AD4E-7AE1D495FEB1}"
EndProject
Project("{FAE04EC0-301F-11D3-BF4B-00C04F79EFBC}") = "forlib", "fortranlib\forlib.csproj", "{21240936-1600-4099-8C63-BA64CE8AB514}"
EndProject
Project("{FAE04EC0-301F-11D3-BF4B-00C04F79EFBC}") = "comallib", "comallib\comallib.csproj", "{499AA4DA-E5E7-43AF-882B-F18067BD4E26}"
EndProject
Project("{FAE04EC0-301F-11D3-BF4B-00C04F79EFBC}") = "comal", "comal\comal.csproj", "{D359DB81-D0DF-48CC-95B0-BD161DA9B537}"
EndProject
Project("{2150E333-8FDC-42A3-9474-1A3956D46DE8}") = "samples", "samples", "{A6F58576-DD4A-423E-A27C-F564EF3102A9}"
	ProjectSection(SolutionItems) = preProject
		samples\README.md = samples\README.md
	EndProjectSection
EndProject
Project("{2150E333-8FDC-42A3-9474-1A3956D46DE8}") = "Fortran", "Fortran", "{9FF5FDA2-96E2-43C5-AD9C-04F134E42A1F}"
	ProjectSection(SolutionItems) = preProject
		samples\Fortran\date.f = samples\Fortran\date.f
		samples\Fortran\datest.f = samples\Fortran\datest.f
		samples\Fortran\euclid.f = samples\Fortran\euclid.f
		samples\Fortran\f2ccalc.f = samples\Fortran\f2ccalc.f
		samples\Fortran\heron.f = samples\Fortran\heron.f
		samples\Fortran\loan.f = samples\Fortran\loan.f
		samples\Fortran\petrol.f = samples\Fortran\petrol.f
		samples\Fortran\README.md = samples\Fortran\README.md
		samples\Fortran\reduce.f = samples\Fortran\reduce.f
		samples\Fortran\stats.f = samples\Fortran\stats.f
		samples\Fortran\triang.f = samples\Fortran\triang.f
		samples\Fortran\vowels.f = samples\Fortran\vowels.f
		samples\Fortran\bottles.f = samples\Fortran\bottles.f
	EndProjectSection
EndProject
Project("{2150E333-8FDC-42A3-9474-1A3956D46DE8}") = "Comal", "Comal", "{BAC0DB39-BF1A-4D40-89E0-95655031D755}"
	ProjectSection(SolutionItems) = preProject
		samples\Comal\abs.lst = samples\Comal\abs.lst
		samples\Comal\and.lst = samples\Comal\and.lst
		samples\Comal\and2.lst = samples\Comal\and2.lst
		samples\Comal\append.lst = samples\Comal\append.lst
		samples\Comal\autorep.lst = samples\Comal\autorep.lst
		samples\Comal\awaytofile1.lst = samples\Comal\awaytofile1.lst
		samples\Comal\awaytofile2.lst = samples\Comal\awaytofile2.lst
		samples\Comal\btree.lst = samples\Comal\btree.lst
		samples\Comal\filetest.lst = samples\Comal\filetest.lst
		samples\Comal\hammurabi.lst = samples\Comal\hammurabi.lst
		samples\Comal\hello.lst = samples\Comal\hello.lst
		samples\Comal\input.lst = samples\Comal\input.lst
		samples\Comal\isprime.lst = samples\Comal\isprime.lst
		samples\Comal\lower.lst = samples\Comal\lower.lst
		samples\Comal\print.lst = samples\Comal\print.lst
		samples\Comal\proc.lst = samples\Comal\proc.lst
		samples\Comal\README.md = samples\Comal\README.md
		samples\Comal\standard.lst = samples\Comal\standard.lst
		samples\Comal\substrings.lst = samples\Comal\substrings.lst
		samples\Comal\time.lst = samples\Comal\time.lst
		samples\Comal\trap2.lst = samples\Comal\trap2.lst
		samples\Comal\using.lst = samples\Comal\using.lst
	EndProjectSection
EndProject
Project("{2150E333-8FDC-42A3-9474-1A3956D46DE8}") = "Solution Items", "Solution Items", "{58BCD580-AEDE-4B79-AB0B-F1B589E6F04C}"
	ProjectSection(SolutionItems) = preProject
		LICENSE = LICENSE
		README.md = README.md
		TODO.md = TODO.md
		.editorconfig = .editorconfig
	EndProjectSection
EndProject
Project("{FAE04EC0-301F-11D3-BF4B-00C04F79EFBC}") = "shell", "shell\shell.csproj", "{120FDE33-3466-461D-B077-6F43DE3EB3DC}"
EndProject
Project("{FAE04EC0-301F-11D3-BF4B-00C04F79EFBC}") = "comlib", "comlib\comlib.csproj", "{3A8C5A7C-72B0-4EE3-BF72-E589E4EA4A65}"
EndProject
Project("{FAE04EC0-301F-11D3-BF4B-00C04F79EFBC}") = "edit", "edit\edit.csproj", "{5A662A5A-EF69-4A87-A706-BAAD5B82C211}"
EndProject
Project("{FAE04EC0-301F-11D3-BF4B-00C04F79EFBC}") = "accounts", "accounts\accounts.csproj", "{379D9F22-5464-4C32-841F-6BD78875C7D1}"
EndProject
Project("{FAE04EC0-301F-11D3-BF4B-00C04F79EFBC}") = "calc", "calc\calc.csproj", "{06D8A3BB-6388-4D71-B9BE-D227AD5FBC9D}"
EndProject
Project("{FAE04EC0-301F-11D3-BF4B-00C04F79EFBC}") = "calclib", "calclib\calclib.csproj", "{F78C144E-7A95-41A3-8BFC-B20F359220CC}"
EndProject
Global
	GlobalSection(SolutionConfigurationPlatforms) = preSolution
		Debug|Any CPU = Debug|Any CPU
		Default|Any CPU = Default|Any CPU
		Release|Any CPU = Release|Any CPU
	EndGlobalSection
	GlobalSection(ProjectConfigurationPlatforms) = postSolution
		{A36CF6D7-74E9-4316-A927-A7C38E337D0E}.Debug|Any CPU.ActiveCfg = Debug|Any CPU
		{A36CF6D7-74E9-4316-A927-A7C38E337D0E}.Debug|Any CPU.Build.0 = Debug|Any CPU
		{A36CF6D7-74E9-4316-A927-A7C38E337D0E}.Default|Any CPU.ActiveCfg = Debug|Any CPU
		{A36CF6D7-74E9-4316-A927-A7C38E337D0E}.Default|Any CPU.Build.0 = Debug|Any CPU
		{A36CF6D7-74E9-4316-A927-A7C38E337D0E}.Release|Any CPU.ActiveCfg = Release|Any CPU
		{A36CF6D7-74E9-4316-A927-A7C38E337D0E}.Release|Any CPU.Build.0 = Release|Any CPU
		{E5714391-D79D-4662-8968-37C4E32DC687}.Debug|Any CPU.ActiveCfg = Debug|Any CPU
		{E5714391-D79D-4662-8968-37C4E32DC687}.Debug|Any CPU.Build.0 = Debug|Any CPU
		{E5714391-D79D-4662-8968-37C4E32DC687}.Default|Any CPU.ActiveCfg = Debug|Any CPU
		{E5714391-D79D-4662-8968-37C4E32DC687}.Default|Any CPU.Build.0 = Debug|Any CPU
		{E5714391-D79D-4662-8968-37C4E32DC687}.Release|Any CPU.ActiveCfg = Release|Any CPU
		{E5714391-D79D-4662-8968-37C4E32DC687}.Release|Any CPU.Build.0 = Release|Any CPU
		{08429F49-D7FB-4482-AD4E-7AE1D495FEB1}.Debug|Any CPU.ActiveCfg = Debug|Any CPU
		{08429F49-D7FB-4482-AD4E-7AE1D495FEB1}.Debug|Any CPU.Build.0 = Debug|Any CPU
		{08429F49-D7FB-4482-AD4E-7AE1D495FEB1}.Default|Any CPU.ActiveCfg = Debug|Any CPU
		{08429F49-D7FB-4482-AD4E-7AE1D495FEB1}.Default|Any CPU.Build.0 = Debug|Any CPU
		{08429F49-D7FB-4482-AD4E-7AE1D495FEB1}.Release|Any CPU.ActiveCfg = Release|Any CPU
		{08429F49-D7FB-4482-AD4E-7AE1D495FEB1}.Release|Any CPU.Build.0 = Release|Any CPU
		{21240936-1600-4099-8C63-BA64CE8AB514}.Debug|Any CPU.ActiveCfg = Debug|Any CPU
		{21240936-1600-4099-8C63-BA64CE8AB514}.Debug|Any CPU.Build.0 = Debug|Any CPU
		{21240936-1600-4099-8C63-BA64CE8AB514}.Default|Any CPU.ActiveCfg = Debug|Any CPU
		{21240936-1600-4099-8C63-BA64CE8AB514}.Default|Any CPU.Build.0 = Debug|Any CPU
		{21240936-1600-4099-8C63-BA64CE8AB514}.Release|Any CPU.ActiveCfg = Release|Any CPU
		{21240936-1600-4099-8C63-BA64CE8AB514}.Release|Any CPU.Build.0 = Release|Any CPU
		{499AA4DA-E5E7-43AF-882B-F18067BD4E26}.Debug|Any CPU.ActiveCfg = Debug|Any CPU
		{499AA4DA-E5E7-43AF-882B-F18067BD4E26}.Debug|Any CPU.Build.0 = Debug|Any CPU
		{499AA4DA-E5E7-43AF-882B-F18067BD4E26}.Default|Any CPU.ActiveCfg = Debug|Any CPU
		{499AA4DA-E5E7-43AF-882B-F18067BD4E26}.Default|Any CPU.Build.0 = Debug|Any CPU
		{499AA4DA-E5E7-43AF-882B-F18067BD4E26}.Release|Any CPU.ActiveCfg = Release|Any CPU
		{499AA4DA-E5E7-43AF-882B-F18067BD4E26}.Release|Any CPU.Build.0 = Release|Any CPU
		{D359DB81-D0DF-48CC-95B0-BD161DA9B537}.Debug|Any CPU.ActiveCfg = Debug|Any CPU
		{D359DB81-D0DF-48CC-95B0-BD161DA9B537}.Debug|Any CPU.Build.0 = Debug|Any CPU
		{D359DB81-D0DF-48CC-95B0-BD161DA9B537}.Default|Any CPU.ActiveCfg = Debug|Any CPU
		{D359DB81-D0DF-48CC-95B0-BD161DA9B537}.Default|Any CPU.Build.0 = Debug|Any CPU
		{D359DB81-D0DF-48CC-95B0-BD161DA9B537}.Release|Any CPU.ActiveCfg = Release|Any CPU
		{D359DB81-D0DF-48CC-95B0-BD161DA9B537}.Release|Any CPU.Build.0 = Release|Any CPU
		{120FDE33-3466-461D-B077-6F43DE3EB3DC}.Debug|Any CPU.ActiveCfg = Debug|Any CPU
		{120FDE33-3466-461D-B077-6F43DE3EB3DC}.Debug|Any CPU.Build.0 = Debug|Any CPU
		{120FDE33-3466-461D-B077-6F43DE3EB3DC}.Default|Any CPU.ActiveCfg = Debug|Any CPU
		{120FDE33-3466-461D-B077-6F43DE3EB3DC}.Default|Any CPU.Build.0 = Debug|Any CPU
		{120FDE33-3466-461D-B077-6F43DE3EB3DC}.Release|Any CPU.ActiveCfg = Release|Any CPU
		{120FDE33-3466-461D-B077-6F43DE3EB3DC}.Release|Any CPU.Build.0 = Release|Any CPU
		{3A8C5A7C-72B0-4EE3-BF72-E589E4EA4A65}.Debug|Any CPU.ActiveCfg = Debug|Any CPU
		{3A8C5A7C-72B0-4EE3-BF72-E589E4EA4A65}.Debug|Any CPU.Build.0 = Debug|Any CPU
		{3A8C5A7C-72B0-4EE3-BF72-E589E4EA4A65}.Default|Any CPU.ActiveCfg = Debug|Any CPU
		{3A8C5A7C-72B0-4EE3-BF72-E589E4EA4A65}.Default|Any CPU.Build.0 = Debug|Any CPU
		{3A8C5A7C-72B0-4EE3-BF72-E589E4EA4A65}.Release|Any CPU.ActiveCfg = Release|Any CPU
		{3A8C5A7C-72B0-4EE3-BF72-E589E4EA4A65}.Release|Any CPU.Build.0 = Release|Any CPU
		{5A662A5A-EF69-4A87-A706-BAAD5B82C211}.Debug|Any CPU.ActiveCfg = Debug|Any CPU
		{5A662A5A-EF69-4A87-A706-BAAD5B82C211}.Debug|Any CPU.Build.0 = Debug|Any CPU
		{5A662A5A-EF69-4A87-A706-BAAD5B82C211}.Default|Any CPU.ActiveCfg = Debug|Any CPU
		{5A662A5A-EF69-4A87-A706-BAAD5B82C211}.Default|Any CPU.Build.0 = Debug|Any CPU
		{5A662A5A-EF69-4A87-A706-BAAD5B82C211}.Release|Any CPU.ActiveCfg = Release|Any CPU
		{5A662A5A-EF69-4A87-A706-BAAD5B82C211}.Release|Any CPU.Build.0 = Release|Any CPU
		{379D9F22-5464-4C32-841F-6BD78875C7D1}.Debug|Any CPU.ActiveCfg = Debug|Any CPU
		{379D9F22-5464-4C32-841F-6BD78875C7D1}.Debug|Any CPU.Build.0 = Debug|Any CPU
		{379D9F22-5464-4C32-841F-6BD78875C7D1}.Default|Any CPU.ActiveCfg = Debug|Any CPU
		{379D9F22-5464-4C32-841F-6BD78875C7D1}.Default|Any CPU.Build.0 = Debug|Any CPU
		{379D9F22-5464-4C32-841F-6BD78875C7D1}.Release|Any CPU.ActiveCfg = Release|Any CPU
		{379D9F22-5464-4C32-841F-6BD78875C7D1}.Release|Any CPU.Build.0 = Release|Any CPU
		{06D8A3BB-6388-4D71-B9BE-D227AD5FBC9D}.Debug|Any CPU.ActiveCfg = Debug|Any CPU
		{06D8A3BB-6388-4D71-B9BE-D227AD5FBC9D}.Debug|Any CPU.Build.0 = Debug|Any CPU
		{06D8A3BB-6388-4D71-B9BE-D227AD5FBC9D}.Default|Any CPU.ActiveCfg = Debug|Any CPU
		{06D8A3BB-6388-4D71-B9BE-D227AD5FBC9D}.Default|Any CPU.Build.0 = Debug|Any CPU
		{06D8A3BB-6388-4D71-B9BE-D227AD5FBC9D}.Release|Any CPU.ActiveCfg = Release|Any CPU
		{06D8A3BB-6388-4D71-B9BE-D227AD5FBC9D}.Release|Any CPU.Build.0 = Release|Any CPU
		{F78C144E-7A95-41A3-8BFC-B20F359220CC}.Debug|Any CPU.ActiveCfg = Debug|Any CPU
		{F78C144E-7A95-41A3-8BFC-B20F359220CC}.Debug|Any CPU.Build.0 = Debug|Any CPU
		{F78C144E-7A95-41A3-8BFC-B20F359220CC}.Default|Any CPU.ActiveCfg = Debug|Any CPU
		{F78C144E-7A95-41A3-8BFC-B20F359220CC}.Default|Any CPU.Build.0 = Debug|Any CPU
		{F78C144E-7A95-41A3-8BFC-B20F359220CC}.Release|Any CPU.ActiveCfg = Release|Any CPU
		{F78C144E-7A95-41A3-8BFC-B20F359220CC}.Release|Any CPU.Build.0 = Release|Any CPU
	EndGlobalSection
	GlobalSection(SolutionProperties) = preSolution
		HideSolutionNode = FALSE
	EndGlobalSection
	GlobalSection(NestedProjects) = preSolution
		{9FF5FDA2-96E2-43C5-AD9C-04F134E42A1F} = {A6F58576-DD4A-423E-A27C-F564EF3102A9}
		{BAC0DB39-BF1A-4D40-89E0-95655031D755} = {A6F58576-DD4A-423E-A27C-F564EF3102A9}
	EndGlobalSection
	GlobalSection(ExtensibilityGlobals) = postSolution
		SolutionGuid = {F9E1A5DB-84B8-48A5-BEB4-DC826ABF8799}
	EndGlobalSection
	GlobalSection(MonoDevelopProperties) = preSolution
		StartupItem = jfor.csproj
		Policies = $0
		$0.DotNetNamingPolicy = $1
		$0.TextStylePolicy = $2
		$2.EolMarker = Unix
		$2.scope = text/plain
		$2.TabsToSpaces = True
		$0.ChangeLogPolicy = $3
		$3.UpdateMode = ProjectRoot
		$3.VcsIntegration = RequireEntry
		$3.MessageStyle = $4
		$4.LineAlign = 0
		$3.inheritsSet = Mono
		$0.StandardHeader = $5
		$5.Text = @Project title\nFile title\n\nAuthors:\n ${AuthorName}\n\nCopyright (C) ${Year} ${AuthorName}\n\nLicensed to the Apache Software Foundation (ASF) under one\nor more contributor license agreements.  See the NOTICE file\ndistributed with this work for additional information\nregarding copyright ownership.  The ASF licenses this file\nto you under the Apache License, Version 2.0 (the\n"License"); you may not use this file except in compliance\nwith the License.  You may obtain a copy of the License at\n \n# http://www.apache.org/licenses/LICENSE-2.0\n\nUnless required by applicable law or agreed to in writing,\nsoftware distributed under the License is distributed on an\n"AS IS" BASIS, WITHOUT WARRANTIES OR CONDITIONS OF ANY\nKIND, either express or implied.  See the License for the\nspecific language governing permissions and limitations\nunder the License.
		$0.VersionControlPolicy = $6
		$0.TextStylePolicy = $7
		$7.TabsToSpaces = True
		$7.EolMarker = Unix
		$7.scope = text/x-csharp
		$0.CSharpFormattingPolicy = $8
		$8.NewLinesForBracesInTypes = False
		$8.NewLinesForBracesInMethods = False
		$8.NewLinesForBracesInProperties = False
		$8.NewLinesForBracesInAccessors = False
		$8.NewLinesForBracesInAnonymousMethods = False
		$8.NewLinesForBracesInControlBlocks = False
		$8.NewLinesForBracesInAnonymousTypes = False
		$8.NewLinesForBracesInObjectCollectionArrayInitializers = False
		$8.NewLinesForBracesInLambdaExpressionBody = False
		$8.NewLineForElse = False
		$8.NewLineForCatch = False
		$8.NewLineForFinally = False
		$8.NewLineForMembersInObjectInit = False
		$8.NewLineForMembersInAnonymousTypes = False
		$8.NewLineForClausesInQuery = False
		$8.WrappingPreserveSingleLine = False
		$8.WrappingKeepStatementsOnSingleLine = False
		$8.scope = text/x-csharp
		outputpath = .
		version = 0.4
	EndGlobalSection
EndGlobal
